Microsoft Visual Studio Solution File, Format Version 12.00
# Visual Studio 14
Project("{2150E333-8FDC-42A3-9474-1A3956D46DE8}") = "ATC", "ATC", "{04B6224D-6897-33B4-99D4-397AFA781F87}"
EndProject
Project("{2150E333-8FDC-42A3-9474-1A3956D46DE8}") = "Aviation", "Aviation", "{13384DFA-3C21-33D7-A428-46D146BD27DC}"
EndProject
Project("{2150E333-8FDC-42A3-9474-1A3956D46DE8}") = "CMake", "CMake", "{47C67A5F-8769-3346-8B5A-DA49BEDAD6B1}"
EndProject
Project("{2150E333-8FDC-42A3-9474-1A3956D46DE8}") = "CMakePredefinedTargets", "CMakePredefinedTargets", "{A701468B-EFCC-3118-8C67-6B872C57457E}"
EndProject
Project("{2150E333-8FDC-42A3-9474-1A3956D46DE8}") = "Network", "Network", "{71CE4B5A-4AA9-3A0C-92CE-83BE3290C1A1}"
EndProject
Project("{2150E333-8FDC-42A3-9474-1A3956D46DE8}") = "OpenSky", "OpenSky", "{D0F0D6A0-B3A9-3F0F-A89A-45CCE8B339FF}"
EndProject
Project("{2150E333-8FDC-42A3-9474-1A3956D46DE8}") = "XPlane", "XPlane", "{3852413E-D76D-342B-9476-015594C42621}"
EndProject
Project("{8BC9CEB8-8B4A-11D0-8D11-00A0C91BC942}") = "ALL_BUILD", "ALL_BUILD.vcxproj", "{867D10DC-262E-36C3-BD47-E33A61541064}"
	ProjectSection(ProjectDependencies) = postProject
		{0F6CAB67-99F7-33ED-A036-A4DB704216CE} = {0F6CAB67-99F7-33ED-A036-A4DB704216CE}
		{91EE36CA-4B0B-3063-92EE-70AD4B8FEB7C} = {91EE36CA-4B0B-3063-92EE-70AD4B8FEB7C}
		{D857D2A4-27B8-340C-81FC-8AC2C4B854D9} = {D857D2A4-27B8-340C-81FC-8AC2C4B854D9}
		{9DC9622B-9913-3D9B-B9BB-D59EEF5A3A4A} = {9DC9622B-9913-3D9B-B9BB-D59EEF5A3A4A}
		{5E39DA1D-30BC-3545-8D45-275153F0DBAB} = {5E39DA1D-30BC-3545-8D45-275153F0DBAB}
		{17D110CE-979B-3E83-983C-C26E51538107} = {17D110CE-979B-3E83-983C-C26E51538107}
		{6A0A40B4-1C93-3ADC-8B45-6849072B0542} = {6A0A40B4-1C93-3ADC-8B45-6849072B0542}
		{B9269782-CCE7-3960-A5C6-F88F70122D3E} = {B9269782-CCE7-3960-A5C6-F88F70122D3E}
		{1B5AFC56-B208-3FAC-8DB1-CFE801960466} = {1B5AFC56-B208-3FAC-8DB1-CFE801960466}
		{8F7E8766-B8C1-3841-BC96-EDCDFA306EA8} = {8F7E8766-B8C1-3841-BC96-EDCDFA306EA8}
		{E85667A8-800D-3CD2-B3B3-2CCAC3F71064} = {E85667A8-800D-3CD2-B3B3-2CCAC3F71064}
		{29C0BF1D-195D-3F78-A49E-0AC5F28DE045} = {29C0BF1D-195D-3F78-A49E-0AC5F28DE045}
		{66C907F0-2D6D-366B-867C-91B08B0FF510} = {66C907F0-2D6D-366B-867C-91B08B0FF510}
		{05815572-973F-33C3-B493-7CC50A69283A} = {05815572-973F-33C3-B493-7CC50A69283A}
		{F2EA7134-09DD-3431-B473-CC7927AA04B9} = {F2EA7134-09DD-3431-B473-CC7927AA04B9}
		{B4A02388-608B-3991-88A7-BEE2740BFDE9} = {B4A02388-608B-3991-88A7-BEE2740BFDE9}
		{A2969AE2-2CC6-37A8-9537-014C4891AD78} = {A2969AE2-2CC6-37A8-9537-014C4891AD78}
	EndProjectSection
EndProject
Project("{8BC9CEB8-8B4A-11D0-8D11-00A0C91BC942}") = "INSTALL", "INSTALL.vcxproj", "{457F00D1-6319-32ED-B8ED-E1160815C3A8}"
	ProjectSection(ProjectDependencies) = postProject
		{867D10DC-262E-36C3-BD47-E33A61541064} = {867D10DC-262E-36C3-BD47-E33A61541064}
		{91EE36CA-4B0B-3063-92EE-70AD4B8FEB7C} = {91EE36CA-4B0B-3063-92EE-70AD4B8FEB7C}
	EndProjectSection
EndProject
Project("{8BC9CEB8-8B4A-11D0-8D11-00A0C91BC942}") = "PACKAGE", "PACKAGE.vcxproj", "{6EF661A9-7C42-3963-B28F-1E8C5284C511}"
	ProjectSection(ProjectDependencies) = postProject
		{867D10DC-262E-36C3-BD47-E33A61541064} = {867D10DC-262E-36C3-BD47-E33A61541064}
		{91EE36CA-4B0B-3063-92EE-70AD4B8FEB7C} = {91EE36CA-4B0B-3063-92EE-70AD4B8FEB7C}
	EndProjectSection
EndProject
Project("{8BC9CEB8-8B4A-11D0-8D11-00A0C91BC942}") = "RUN_TESTS", "RUN_TESTS.vcxproj", "{ECA3AA5B-7B8E-3F9F-9D79-6330CC25ECE1}"
	ProjectSection(ProjectDependencies) = postProject
		{91EE36CA-4B0B-3063-92EE-70AD4B8FEB7C} = {91EE36CA-4B0B-3063-92EE-70AD4B8FEB7C}
	EndProjectSection
EndProject
Project("{8BC9CEB8-8B4A-11D0-8D11-00A0C91BC942}") = "XPLServerPlugin", "packages\czmxplane\saccades\xplane\XPLServerPlugin.vcxproj", "{0F6CAB67-99F7-33ED-A036-A4DB704216CE}"
	ProjectSection(ProjectDependencies) = postProject
		{91EE36CA-4B0B-3063-92EE-70AD4B8FEB7C} = {91EE36CA-4B0B-3063-92EE-70AD4B8FEB7C}
		{D857D2A4-27B8-340C-81FC-8AC2C4B854D9} = {D857D2A4-27B8-340C-81FC-8AC2C4B854D9}
		{17D110CE-979B-3E83-983C-C26E51538107} = {17D110CE-979B-3E83-983C-C26E51538107}
		{1B5AFC56-B208-3FAC-8DB1-CFE801960466} = {1B5AFC56-B208-3FAC-8DB1-CFE801960466}
		{F2EA7134-09DD-3431-B473-CC7927AA04B9} = {F2EA7134-09DD-3431-B473-CC7927AA04B9}
		{A2969AE2-2CC6-37A8-9537-014C4891AD78} = {A2969AE2-2CC6-37A8-9537-014C4891AD78}
	EndProjectSection
EndProject
Project("{8BC9CEB8-8B4A-11D0-8D11-00A0C91BC942}") = "ZERO_CHECK", "ZERO_CHECK.vcxproj", "{91EE36CA-4B0B-3063-92EE-70AD4B8FEB7C}"
	ProjectSection(ProjectDependencies) = postProject
	EndProjectSection
EndProject
Project("{8BC9CEB8-8B4A-11D0-8D11-00A0C91BC942}") = "cesium-cmake", "share\openigs\cmake\cesium-cmake.vcxproj", "{89330A73-1ABA-3B6D-BC4A-BFE183ECD509}"
	ProjectSection(ProjectDependencies) = postProject
		{91EE36CA-4B0B-3063-92EE-70AD4B8FEB7C} = {91EE36CA-4B0B-3063-92EE-70AD4B8FEB7C}
	EndProjectSection
EndProject
Project("{8BC9CEB8-8B4A-11D0-8D11-00A0C91BC942}") = "czmatc", "packages\czmopensky\czm\atc\czmatc.vcxproj", "{D857D2A4-27B8-340C-81FC-8AC2C4B854D9}"
	ProjectSection(ProjectDependencies) = postProject
		{91EE36CA-4B0B-3063-92EE-70AD4B8FEB7C} = {91EE36CA-4B0B-3063-92EE-70AD4B8FEB7C}
	EndProjectSection
EndProject
Project("{8BC9CEB8-8B4A-11D0-8D11-00A0C91BC942}") = "czmatcapp", "packages\czmopensky\apps\czmatcapp\czmatcapp.vcxproj", "{9DC9622B-9913-3D9B-B9BB-D59EEF5A3A4A}"
	ProjectSection(ProjectDependencies) = postProject
		{91EE36CA-4B0B-3063-92EE-70AD4B8FEB7C} = {91EE36CA-4B0B-3063-92EE-70AD4B8FEB7C}
		{D857D2A4-27B8-340C-81FC-8AC2C4B854D9} = {D857D2A4-27B8-340C-81FC-8AC2C4B854D9}
		{17D110CE-979B-3E83-983C-C26E51538107} = {17D110CE-979B-3E83-983C-C26E51538107}
		{1B5AFC56-B208-3FAC-8DB1-CFE801960466} = {1B5AFC56-B208-3FAC-8DB1-CFE801960466}
		{E85667A8-800D-3CD2-B3B3-2CCAC3F71064} = {E85667A8-800D-3CD2-B3B3-2CCAC3F71064}
		{F2EA7134-09DD-3431-B473-CC7927AA04B9} = {F2EA7134-09DD-3431-B473-CC7927AA04B9}
	EndProjectSection
EndProject
Project("{8BC9CEB8-8B4A-11D0-8D11-00A0C91BC942}") = "czmatcmodules", "packages\czmopensky\czm\modules\atc\czmatcmodules.vcxproj", "{5E39DA1D-30BC-3545-8D45-275153F0DBAB}"
	ProjectSection(ProjectDependencies) = postProject
		{91EE36CA-4B0B-3063-92EE-70AD4B8FEB7C} = {91EE36CA-4B0B-3063-92EE-70AD4B8FEB7C}
		{D857D2A4-27B8-340C-81FC-8AC2C4B854D9} = {D857D2A4-27B8-340C-81FC-8AC2C4B854D9}
	EndProjectSection
EndProject
Project("{8BC9CEB8-8B4A-11D0-8D11-00A0C91BC942}") = "czmaviation", "packages\czmopensky\czm\aviation\czmaviation.vcxproj", "{17D110CE-979B-3E83-983C-C26E51538107}"
	ProjectSection(ProjectDependencies) = postProject
		{91EE36CA-4B0B-3063-92EE-70AD4B8FEB7C} = {91EE36CA-4B0B-3063-92EE-70AD4B8FEB7C}
		{D857D2A4-27B8-340C-81FC-8AC2C4B854D9} = {D857D2A4-27B8-340C-81FC-8AC2C4B854D9}
		{F2EA7134-09DD-3431-B473-CC7927AA04B9} = {F2EA7134-09DD-3431-B473-CC7927AA04B9}
	EndProjectSection
EndProject
Project("{8BC9CEB8-8B4A-11D0-8D11-00A0C91BC942}") = "czmaviationmodules", "packages\czmopensky\czm\modules\aviation\czmaviationmodules.vcxproj", "{6A0A40B4-1C93-3ADC-8B45-6849072B0542}"
	ProjectSection(ProjectDependencies) = postProject
		{91EE36CA-4B0B-3063-92EE-70AD4B8FEB7C} = {91EE36CA-4B0B-3063-92EE-70AD4B8FEB7C}
		{D857D2A4-27B8-340C-81FC-8AC2C4B854D9} = {D857D2A4-27B8-340C-81FC-8AC2C4B854D9}
		{17D110CE-979B-3E83-983C-C26E51538107} = {17D110CE-979B-3E83-983C-C26E51538107}
		{F2EA7134-09DD-3431-B473-CC7927AA04B9} = {F2EA7134-09DD-3431-B473-CC7927AA04B9}
		{B4A02388-608B-3991-88A7-BEE2740BFDE9} = {B4A02388-608B-3991-88A7-BEE2740BFDE9}
	EndProjectSection
EndProject
Project("{8BC9CEB8-8B4A-11D0-8D11-00A0C91BC942}") = "czmcpprestapp", "packages\czmnetwork\apps\czmcpprestapp\czmcpprestapp.vcxproj", "{B9269782-CCE7-3960-A5C6-F88F70122D3E}"
	ProjectSection(ProjectDependencies) = postProject
		{91EE36CA-4B0B-3063-92EE-70AD4B8FEB7C} = {91EE36CA-4B0B-3063-92EE-70AD4B8FEB7C}
	EndProjectSection
EndProject
Project("{8BC9CEB8-8B4A-11D0-8D11-00A0C91BC942}") = "czmcurl", "packages\czmnetwork\czm\curl\czmcurl.vcxproj", "{1B5AFC56-B208-3FAC-8DB1-CFE801960466}"
	ProjectSection(ProjectDependencies) = postProject
		{91EE36CA-4B0B-3063-92EE-70AD4B8FEB7C} = {91EE36CA-4B0B-3063-92EE-70AD4B8FEB7C}
		{F2EA7134-09DD-3431-B473-CC7927AA04B9} = {F2EA7134-09DD-3431-B473-CC7927AA04B9}
	EndProjectSection
EndProject
Project("{8BC9CEB8-8B4A-11D0-8D11-00A0C91BC942}") = "czmcurlmodules", "packages\czmnetwork\czm\modules\curl\czmcurlmodules.vcxproj", "{8F7E8766-B8C1-3841-BC96-EDCDFA306EA8}"
	ProjectSection(ProjectDependencies) = postProject
		{91EE36CA-4B0B-3063-92EE-70AD4B8FEB7C} = {91EE36CA-4B0B-3063-92EE-70AD4B8FEB7C}
		{1B5AFC56-B208-3FAC-8DB1-CFE801960466} = {1B5AFC56-B208-3FAC-8DB1-CFE801960466}
		{F2EA7134-09DD-3431-B473-CC7927AA04B9} = {F2EA7134-09DD-3431-B473-CC7927AA04B9}
		{B4A02388-608B-3991-88A7-BEE2740BFDE9} = {B4A02388-608B-3991-88A7-BEE2740BFDE9}
	EndProjectSection
EndProject
Project("{8BC9CEB8-8B4A-11D0-8D11-00A0C91BC942}") = "czmopensky", "packages\czmopensky\czm\opensky\czmopensky.vcxproj", "{E85667A8-800D-3CD2-B3B3-2CCAC3F71064}"
	ProjectSection(ProjectDependencies) = postProject
		{91EE36CA-4B0B-3063-92EE-70AD4B8FEB7C} = {91EE36CA-4B0B-3063-92EE-70AD4B8FEB7C}
		{D857D2A4-27B8-340C-81FC-8AC2C4B854D9} = {D857D2A4-27B8-340C-81FC-8AC2C4B854D9}
		{F2EA7134-09DD-3431-B473-CC7927AA04B9} = {F2EA7134-09DD-3431-B473-CC7927AA04B9}
	EndProjectSection
EndProject
Project("{8BC9CEB8-8B4A-11D0-8D11-00A0C91BC942}") = "czmopenskymodules", "packages\czmopensky\czm\modules\opensky\czmopenskymodules.vcxproj", "{29C0BF1D-195D-3F78-A49E-0AC5F28DE045}"
	ProjectSection(ProjectDependencies) = postProject
		{91EE36CA-4B0B-3063-92EE-70AD4B8FEB7C} = {91EE36CA-4B0B-3063-92EE-70AD4B8FEB7C}
		{D857D2A4-27B8-340C-81FC-8AC2C4B854D9} = {D857D2A4-27B8-340C-81FC-8AC2C4B854D9}
		{E85667A8-800D-3CD2-B3B3-2CCAC3F71064} = {E85667A8-800D-3CD2-B3B3-2CCAC3F71064}
		{F2EA7134-09DD-3431-B473-CC7927AA04B9} = {F2EA7134-09DD-3431-B473-CC7927AA04B9}
		{B4A02388-608B-3991-88A7-BEE2740BFDE9} = {B4A02388-608B-3991-88A7-BEE2740BFDE9}
	EndProjectSection
EndProject
Project("{8BC9CEB8-8B4A-11D0-8D11-00A0C91BC942}") = "czmqtnetwork", "packages\czmnetwork\czm\qtnetwork\czmqtnetwork.vcxproj", "{66C907F0-2D6D-366B-867C-91B08B0FF510}"
	ProjectSection(ProjectDependencies) = postProject
		{91EE36CA-4B0B-3063-92EE-70AD4B8FEB7C} = {91EE36CA-4B0B-3063-92EE-70AD4B8FEB7C}
		{F2EA7134-09DD-3431-B473-CC7927AA04B9} = {F2EA7134-09DD-3431-B473-CC7927AA04B9}
	EndProjectSection
EndProject
Project("{8BC9CEB8-8B4A-11D0-8D11-00A0C91BC942}") = "czmqtnetworkmodules", "packages\czmnetwork\czm\modules\qtnetwork\czmqtnetworkmodules.vcxproj", "{05815572-973F-33C3-B493-7CC50A69283A}"
	ProjectSection(ProjectDependencies) = postProject
		{91EE36CA-4B0B-3063-92EE-70AD4B8FEB7C} = {91EE36CA-4B0B-3063-92EE-70AD4B8FEB7C}
		{66C907F0-2D6D-366B-867C-91B08B0FF510} = {66C907F0-2D6D-366B-867C-91B08B0FF510}
		{F2EA7134-09DD-3431-B473-CC7927AA04B9} = {F2EA7134-09DD-3431-B473-CC7927AA04B9}
		{B4A02388-608B-3991-88A7-BEE2740BFDE9} = {B4A02388-608B-3991-88A7-BEE2740BFDE9}
	EndProjectSection
EndProject
Project("{8BC9CEB8-8B4A-11D0-8D11-00A0C91BC942}") = "czmrest", "packages\czmnetwork\czm\rest\czmrest.vcxproj", "{F2EA7134-09DD-3431-B473-CC7927AA04B9}"
	ProjectSection(ProjectDependencies) = postProject
		{91EE36CA-4B0B-3063-92EE-70AD4B8FEB7C} = {91EE36CA-4B0B-3063-92EE-70AD4B8FEB7C}
	EndProjectSection
EndProject
Project("{8BC9CEB8-8B4A-11D0-8D11-00A0C91BC942}") = "czmrestmodules", "packages\czmnetwork\czm\modules\rest\czmrestmodules.vcxproj", "{B4A02388-608B-3991-88A7-BEE2740BFDE9}"
	ProjectSection(ProjectDependencies) = postProject
		{91EE36CA-4B0B-3063-92EE-70AD4B8FEB7C} = {91EE36CA-4B0B-3063-92EE-70AD4B8FEB7C}
		{F2EA7134-09DD-3431-B473-CC7927AA04B9} = {F2EA7134-09DD-3431-B473-CC7927AA04B9}
	EndProjectSection
EndProject
Project("{8BC9CEB8-8B4A-11D0-8D11-00A0C91BC942}") = "czmxplane", "packages\czmxplane\saccades\xplane\czmxplane.vcxproj", "{A2969AE2-2CC6-37A8-9537-014C4891AD78}"
	ProjectSection(ProjectDependencies) = postProject
		{91EE36CA-4B0B-3063-92EE-70AD4B8FEB7C} = {91EE36CA-4B0B-3063-92EE-70AD4B8FEB7C}
		{D857D2A4-27B8-340C-81FC-8AC2C4B854D9} = {D857D2A4-27B8-340C-81FC-8AC2C4B854D9}
		{17D110CE-979B-3E83-983C-C26E51538107} = {17D110CE-979B-3E83-983C-C26E51538107}
		{1B5AFC56-B208-3FAC-8DB1-CFE801960466} = {1B5AFC56-B208-3FAC-8DB1-CFE801960466}
		{F2EA7134-09DD-3431-B473-CC7927AA04B9} = {F2EA7134-09DD-3431-B473-CC7927AA04B9}
	EndProjectSection
EndProject
Global
	GlobalSection(SolutionConfigurationPlatforms) = preSolution
		Debug|x64 = Debug|x64
		Release|x64 = Release|x64
		MinSizeRel|x64 = MinSizeRel|x64
		RelWithDebInfo|x64 = RelWithDebInfo|x64
	EndGlobalSection
	GlobalSection(ProjectConfigurationPlatforms) = postSolution
		{867D10DC-262E-36C3-BD47-E33A61541064}.Debug|x64.ActiveCfg = Debug|x64
		{867D10DC-262E-36C3-BD47-E33A61541064}.Debug|x64.Build.0 = Debug|x64
		{867D10DC-262E-36C3-BD47-E33A61541064}.Release|x64.ActiveCfg = Release|x64
		{867D10DC-262E-36C3-BD47-E33A61541064}.Release|x64.Build.0 = Release|x64
		{867D10DC-262E-36C3-BD47-E33A61541064}.MinSizeRel|x64.ActiveCfg = MinSizeRel|x64
		{867D10DC-262E-36C3-BD47-E33A61541064}.MinSizeRel|x64.Build.0 = MinSizeRel|x64
		{867D10DC-262E-36C3-BD47-E33A61541064}.RelWithDebInfo|x64.ActiveCfg = RelWithDebInfo|x64
		{867D10DC-262E-36C3-BD47-E33A61541064}.RelWithDebInfo|x64.Build.0 = RelWithDebInfo|x64
		{457F00D1-6319-32ED-B8ED-E1160815C3A8}.Debug|x64.ActiveCfg = Debug|x64
		{457F00D1-6319-32ED-B8ED-E1160815C3A8}.Release|x64.ActiveCfg = Release|x64
		{457F00D1-6319-32ED-B8ED-E1160815C3A8}.MinSizeRel|x64.ActiveCfg = MinSizeRel|x64
		{457F00D1-6319-32ED-B8ED-E1160815C3A8}.RelWithDebInfo|x64.ActiveCfg = RelWithDebInfo|x64
		{6EF661A9-7C42-3963-B28F-1E8C5284C511}.Debug|x64.ActiveCfg = Debug|x64
		{6EF661A9-7C42-3963-B28F-1E8C5284C511}.Release|x64.ActiveCfg = Release|x64
		{6EF661A9-7C42-3963-B28F-1E8C5284C511}.MinSizeRel|x64.ActiveCfg = MinSizeRel|x64
		{6EF661A9-7C42-3963-B28F-1E8C5284C511}.RelWithDebInfo|x64.ActiveCfg = RelWithDebInfo|x64
		{ECA3AA5B-7B8E-3F9F-9D79-6330CC25ECE1}.Debug|x64.ActiveCfg = Debug|x64
		{ECA3AA5B-7B8E-3F9F-9D79-6330CC25ECE1}.Release|x64.ActiveCfg = Release|x64
		{ECA3AA5B-7B8E-3F9F-9D79-6330CC25ECE1}.MinSizeRel|x64.ActiveCfg = MinSizeRel|x64
		{ECA3AA5B-7B8E-3F9F-9D79-6330CC25ECE1}.RelWithDebInfo|x64.ActiveCfg = RelWithDebInfo|x64
		{0F6CAB67-99F7-33ED-A036-A4DB704216CE}.Debug|x64.ActiveCfg = Debug|x64
		{0F6CAB67-99F7-33ED-A036-A4DB704216CE}.Debug|x64.Build.0 = Debug|x64
		{0F6CAB67-99F7-33ED-A036-A4DB704216CE}.Release|x64.ActiveCfg = Release|x64
		{0F6CAB67-99F7-33ED-A036-A4DB704216CE}.Release|x64.Build.0 = Release|x64
		{0F6CAB67-99F7-33ED-A036-A4DB704216CE}.MinSizeRel|x64.ActiveCfg = MinSizeRel|x64
		{0F6CAB67-99F7-33ED-A036-A4DB704216CE}.MinSizeRel|x64.Build.0 = MinSizeRel|x64
		{0F6CAB67-99F7-33ED-A036-A4DB704216CE}.RelWithDebInfo|x64.ActiveCfg = RelWithDebInfo|x64
		{0F6CAB67-99F7-33ED-A036-A4DB704216CE}.RelWithDebInfo|x64.Build.0 = RelWithDebInfo|x64
		{91EE36CA-4B0B-3063-92EE-70AD4B8FEB7C}.Debug|x64.ActiveCfg = Debug|x64
		{91EE36CA-4B0B-3063-92EE-70AD4B8FEB7C}.Debug|x64.Build.0 = Debug|x64
		{91EE36CA-4B0B-3063-92EE-70AD4B8FEB7C}.Release|x64.ActiveCfg = Release|x64
		{91EE36CA-4B0B-3063-92EE-70AD4B8FEB7C}.Release|x64.Build.0 = Release|x64
		{91EE36CA-4B0B-3063-92EE-70AD4B8FEB7C}.MinSizeRel|x64.ActiveCfg = MinSizeRel|x64
		{91EE36CA-4B0B-3063-92EE-70AD4B8FEB7C}.MinSizeRel|x64.Build.0 = MinSizeRel|x64
		{91EE36CA-4B0B-3063-92EE-70AD4B8FEB7C}.RelWithDebInfo|x64.ActiveCfg = RelWithDebInfo|x64
		{91EE36CA-4B0B-3063-92EE-70AD4B8FEB7C}.RelWithDebInfo|x64.Build.0 = RelWithDebInfo|x64
		{89330A73-1ABA-3B6D-BC4A-BFE183ECD509}.Debug|x64.ActiveCfg = Debug|x64
		{89330A73-1ABA-3B6D-BC4A-BFE183ECD509}.Release|x64.ActiveCfg = Release|x64
		{89330A73-1ABA-3B6D-BC4A-BFE183ECD509}.MinSizeRel|x64.ActiveCfg = MinSizeRel|x64
		{89330A73-1ABA-3B6D-BC4A-BFE183ECD509}.RelWithDebInfo|x64.ActiveCfg = RelWithDebInfo|x64
		{D857D2A4-27B8-340C-81FC-8AC2C4B854D9}.Debug|x64.ActiveCfg = Debug|x64
		{D857D2A4-27B8-340C-81FC-8AC2C4B854D9}.Debug|x64.Build.0 = Debug|x64
		{D857D2A4-27B8-340C-81FC-8AC2C4B854D9}.Release|x64.ActiveCfg = Release|x64
		{D857D2A4-27B8-340C-81FC-8AC2C4B854D9}.Release|x64.Build.0 = Release|x64
		{D857D2A4-27B8-340C-81FC-8AC2C4B854D9}.MinSizeRel|x64.ActiveCfg = MinSizeRel|x64
		{D857D2A4-27B8-340C-81FC-8AC2C4B854D9}.MinSizeRel|x64.Build.0 = MinSizeRel|x64
		{D857D2A4-27B8-340C-81FC-8AC2C4B854D9}.RelWithDebInfo|x64.ActiveCfg = RelWithDebInfo|x64
		{D857D2A4-27B8-340C-81FC-8AC2C4B854D9}.RelWithDebInfo|x64.Build.0 = RelWithDebInfo|x64
		{9DC9622B-9913-3D9B-B9BB-D59EEF5A3A4A}.Debug|x64.ActiveCfg = Debug|x64
		{9DC9622B-9913-3D9B-B9BB-D59EEF5A3A4A}.Debug|x64.Build.0 = Debug|x64
		{9DC9622B-9913-3D9B-B9BB-D59EEF5A3A4A}.Release|x64.ActiveCfg = Release|x64
		{9DC9622B-9913-3D9B-B9BB-D59EEF5A3A4A}.Release|x64.Build.0 = Release|x64
		{9DC9622B-9913-3D9B-B9BB-D59EEF5A3A4A}.MinSizeRel|x64.ActiveCfg = MinSizeRel|x64
		{9DC9622B-9913-3D9B-B9BB-D59EEF5A3A4A}.MinSizeRel|x64.Build.0 = MinSizeRel|x64
		{9DC9622B-9913-3D9B-B9BB-D59EEF5A3A4A}.RelWithDebInfo|x64.ActiveCfg = RelWithDebInfo|x64
		{9DC9622B-9913-3D9B-B9BB-D59EEF5A3A4A}.RelWithDebInfo|x64.Build.0 = RelWithDebInfo|x64
		{5E39DA1D-30BC-3545-8D45-275153F0DBAB}.Debug|x64.ActiveCfg = Debug|x64
		{5E39DA1D-30BC-3545-8D45-275153F0DBAB}.Debug|x64.Build.0 = Debug|x64
		{5E39DA1D-30BC-3545-8D45-275153F0DBAB}.Release|x64.ActiveCfg = Release|x64
		{5E39DA1D-30BC-3545-8D45-275153F0DBAB}.Release|x64.Build.0 = Release|x64
		{5E39DA1D-30BC-3545-8D45-275153F0DBAB}.MinSizeRel|x64.ActiveCfg = MinSizeRel|x64
		{5E39DA1D-30BC-3545-8D45-275153F0DBAB}.MinSizeRel|x64.Build.0 = MinSizeRel|x64
		{5E39DA1D-30BC-3545-8D45-275153F0DBAB}.RelWithDebInfo|x64.ActiveCfg = RelWithDebInfo|x64
		{5E39DA1D-30BC-3545-8D45-275153F0DBAB}.RelWithDebInfo|x64.Build.0 = RelWithDebInfo|x64
		{17D110CE-979B-3E83-983C-C26E51538107}.Debug|x64.ActiveCfg = Debug|x64
		{17D110CE-979B-3E83-983C-C26E51538107}.Debug|x64.Build.0 = Debug|x64
		{17D110CE-979B-3E83-983C-C26E51538107}.Release|x64.ActiveCfg = Release|x64
		{17D110CE-979B-3E83-983C-C26E51538107}.Release|x64.Build.0 = Release|x64
		{17D110CE-979B-3E83-983C-C26E51538107}.MinSizeRel|x64.ActiveCfg = MinSizeRel|x64
		{17D110CE-979B-3E83-983C-C26E51538107}.MinSizeRel|x64.Build.0 = MinSizeRel|x64
		{17D110CE-979B-3E83-983C-C26E51538107}.RelWithDebInfo|x64.ActiveCfg = RelWithDebInfo|x64
		{17D110CE-979B-3E83-983C-C26E51538107}.RelWithDebInfo|x64.Build.0 = RelWithDebInfo|x64
		{6A0A40B4-1C93-3ADC-8B45-6849072B0542}.Debug|x64.ActiveCfg = Debug|x64
		{6A0A40B4-1C93-3ADC-8B45-6849072B0542}.Debug|x64.Build.0 = Debug|x64
		{6A0A40B4-1C93-3ADC-8B45-6849072B0542}.Release|x64.ActiveCfg = Release|x64
		{6A0A40B4-1C93-3ADC-8B45-6849072B0542}.Release|x64.Build.0 = Release|x64
		{6A0A40B4-1C93-3ADC-8B45-6849072B0542}.MinSizeRel|x64.ActiveCfg = MinSizeRel|x64
		{6A0A40B4-1C93-3ADC-8B45-6849072B0542}.MinSizeRel|x64.Build.0 = MinSizeRel|x64
		{6A0A40B4-1C93-3ADC-8B45-6849072B0542}.RelWithDebInfo|x64.ActiveCfg = RelWithDebInfo|x64
		{6A0A40B4-1C93-3ADC-8B45-6849072B0542}.RelWithDebInfo|x64.Build.0 = RelWithDebInfo|x64
		{B9269782-CCE7-3960-A5C6-F88F70122D3E}.Debug|x64.ActiveCfg = Debug|x64
		{B9269782-CCE7-3960-A5C6-F88F70122D3E}.Debug|x64.Build.0 = Debug|x64
		{B9269782-CCE7-3960-A5C6-F88F70122D3E}.Release|x64.ActiveCfg = Release|x64
		{B9269782-CCE7-3960-A5C6-F88F70122D3E}.Release|x64.Build.0 = Release|x64
		{B9269782-CCE7-3960-A5C6-F88F70122D3E}.MinSizeRel|x64.ActiveCfg = MinSizeRel|x64
		{B9269782-CCE7-3960-A5C6-F88F70122D3E}.MinSizeRel|x64.Build.0 = MinSizeRel|x64
		{B9269782-CCE7-3960-A5C6-F88F70122D3E}.RelWithDebInfo|x64.ActiveCfg = RelWithDebInfo|x64
		{B9269782-CCE7-3960-A5C6-F88F70122D3E}.RelWithDebInfo|x64.Build.0 = RelWithDebInfo|x64
		{1B5AFC56-B208-3FAC-8DB1-CFE801960466}.Debug|x64.ActiveCfg = Debug|x64
		{1B5AFC56-B208-3FAC-8DB1-CFE801960466}.Debug|x64.Build.0 = Debug|x64
		{1B5AFC56-B208-3FAC-8DB1-CFE801960466}.Release|x64.ActiveCfg = Release|x64
		{1B5AFC56-B208-3FAC-8DB1-CFE801960466}.Release|x64.Build.0 = Release|x64
		{1B5AFC56-B208-3FAC-8DB1-CFE801960466}.MinSizeRel|x64.ActiveCfg = MinSizeRel|x64
		{1B5AFC56-B208-3FAC-8DB1-CFE801960466}.MinSizeRel|x64.Build.0 = MinSizeRel|x64
		{1B5AFC56-B208-3FAC-8DB1-CFE801960466}.RelWithDebInfo|x64.ActiveCfg = RelWithDebInfo|x64
		{1B5AFC56-B208-3FAC-8DB1-CFE801960466}.RelWithDebInfo|x64.Build.0 = RelWithDebInfo|x64
		{8F7E8766-B8C1-3841-BC96-EDCDFA306EA8}.Debug|x64.ActiveCfg = Debug|x64
		{8F7E8766-B8C1-3841-BC96-EDCDFA306EA8}.Debug|x64.Build.0 = Debug|x64
		{8F7E8766-B8C1-3841-BC96-EDCDFA306EA8}.Release|x64.ActiveCfg = Release|x64
		{8F7E8766-B8C1-3841-BC96-EDCDFA306EA8}.Release|x64.Build.0 = Release|x64
		{8F7E8766-B8C1-3841-BC96-EDCDFA306EA8}.MinSizeRel|x64.ActiveCfg = MinSizeRel|x64
		{8F7E8766-B8C1-3841-BC96-EDCDFA306EA8}.MinSizeRel|x64.Build.0 = MinSizeRel|x64
		{8F7E8766-B8C1-3841-BC96-EDCDFA306EA8}.RelWithDebInfo|x64.ActiveCfg = RelWithDebInfo|x64
		{8F7E8766-B8C1-3841-BC96-EDCDFA306EA8}.RelWithDebInfo|x64.Build.0 = RelWithDebInfo|x64
		{E85667A8-800D-3CD2-B3B3-2CCAC3F71064}.Debug|x64.ActiveCfg = Debug|x64
		{E85667A8-800D-3CD2-B3B3-2CCAC3F71064}.Debug|x64.Build.0 = Debug|x64
		{E85667A8-800D-3CD2-B3B3-2CCAC3F71064}.Release|x64.ActiveCfg = Release|x64
		{E85667A8-800D-3CD2-B3B3-2CCAC3F71064}.Release|x64.Build.0 = Release|x64
		{E85667A8-800D-3CD2-B3B3-2CCAC3F71064}.MinSizeRel|x64.ActiveCfg = MinSizeRel|x64
		{E85667A8-800D-3CD2-B3B3-2CCAC3F71064}.MinSizeRel|x64.Build.0 = MinSizeRel|x64
		{E85667A8-800D-3CD2-B3B3-2CCAC3F71064}.RelWithDebInfo|x64.ActiveCfg = RelWithDebInfo|x64
		{E85667A8-800D-3CD2-B3B3-2CCAC3F71064}.RelWithDebInfo|x64.Build.0 = RelWithDebInfo|x64
		{29C0BF1D-195D-3F78-A49E-0AC5F28DE045}.Debug|x64.ActiveCfg = Debug|x64
		{29C0BF1D-195D-3F78-A49E-0AC5F28DE045}.Debug|x64.Build.0 = Debug|x64
		{29C0BF1D-195D-3F78-A49E-0AC5F28DE045}.Release|x64.ActiveCfg = Release|x64
		{29C0BF1D-195D-3F78-A49E-0AC5F28DE045}.Release|x64.Build.0 = Release|x64
		{29C0BF1D-195D-3F78-A49E-0AC5F28DE045}.MinSizeRel|x64.ActiveCfg = MinSizeRel|x64
		{29C0BF1D-195D-3F78-A49E-0AC5F28DE045}.MinSizeRel|x64.Build.0 = MinSizeRel|x64
		{29C0BF1D-195D-3F78-A49E-0AC5F28DE045}.RelWithDebInfo|x64.ActiveCfg = RelWithDebInfo|x64
		{29C0BF1D-195D-3F78-A49E-0AC5F28DE045}.RelWithDebInfo|x64.Build.0 = RelWithDebInfo|x64
		{66C907F0-2D6D-366B-867C-91B08B0FF510}.Debug|x64.ActiveCfg = Debug|x64
		{66C907F0-2D6D-366B-867C-91B08B0FF510}.Debug|x64.Build.0 = Debug|x64
		{66C907F0-2D6D-366B-867C-91B08B0FF510}.Release|x64.ActiveCfg = Release|x64
		{66C907F0-2D6D-366B-867C-91B08B0FF510}.Release|x64.Build.0 = Release|x64
		{66C907F0-2D6D-366B-867C-91B08B0FF510}.MinSizeRel|x64.ActiveCfg = MinSizeRel|x64
		{66C907F0-2D6D-366B-867C-91B08B0FF510}.MinSizeRel|x64.Build.0 = MinSizeRel|x64
		{66C907F0-2D6D-366B-867C-91B08B0FF510}.RelWithDebInfo|x64.ActiveCfg = RelWithDebInfo|x64
		{66C907F0-2D6D-366B-867C-91B08B0FF510}.RelWithDebInfo|x64.Build.0 = RelWithDebInfo|x64
		{05815572-973F-33C3-B493-7CC50A69283A}.Debug|x64.ActiveCfg = Debug|x64
		{05815572-973F-33C3-B493-7CC50A69283A}.Debug|x64.Build.0 = Debug|x64
		{05815572-973F-33C3-B493-7CC50A69283A}.Release|x64.ActiveCfg = Release|x64
		{05815572-973F-33C3-B493-7CC50A69283A}.Release|x64.Build.0 = Release|x64
		{05815572-973F-33C3-B493-7CC50A69283A}.MinSizeRel|x64.ActiveCfg = MinSizeRel|x64
		{05815572-973F-33C3-B493-7CC50A69283A}.MinSizeRel|x64.Build.0 = MinSizeRel|x64
		{05815572-973F-33C3-B493-7CC50A69283A}.RelWithDebInfo|x64.ActiveCfg = RelWithDebInfo|x64
		{05815572-973F-33C3-B493-7CC50A69283A}.RelWithDebInfo|x64.Build.0 = RelWithDebInfo|x64
		{F2EA7134-09DD-3431-B473-CC7927AA04B9}.Debug|x64.ActiveCfg = Debug|x64
		{F2EA7134-09DD-3431-B473-CC7927AA04B9}.Debug|x64.Build.0 = Debug|x64
		{F2EA7134-09DD-3431-B473-CC7927AA04B9}.Release|x64.ActiveCfg = Release|x64
		{F2EA7134-09DD-3431-B473-CC7927AA04B9}.Release|x64.Build.0 = Release|x64
		{F2EA7134-09DD-3431-B473-CC7927AA04B9}.MinSizeRel|x64.ActiveCfg = MinSizeRel|x64
		{F2EA7134-09DD-3431-B473-CC7927AA04B9}.MinSizeRel|x64.Build.0 = MinSizeRel|x64
		{F2EA7134-09DD-3431-B473-CC7927AA04B9}.RelWithDebInfo|x64.ActiveCfg = RelWithDebInfo|x64
		{F2EA7134-09DD-3431-B473-CC7927AA04B9}.RelWithDebInfo|x64.Build.0 = RelWithDebInfo|x64
		{B4A02388-608B-3991-88A7-BEE2740BFDE9}.Debug|x64.ActiveCfg = Debug|x64
		{B4A02388-608B-3991-88A7-BEE2740BFDE9}.Debug|x64.Build.0 = Debug|x64
		{B4A02388-608B-3991-88A7-BEE2740BFDE9}.Release|x64.ActiveCfg = Release|x64
		{B4A02388-608B-3991-88A7-BEE2740BFDE9}.Release|x64.Build.0 = Release|x64
		{B4A02388-608B-3991-88A7-BEE2740BFDE9}.MinSizeRel|x64.ActiveCfg = MinSizeRel|x64
		{B4A02388-608B-3991-88A7-BEE2740BFDE9}.MinSizeRel|x64.Build.0 = MinSizeRel|x64
		{B4A02388-608B-3991-88A7-BEE2740BFDE9}.RelWithDebInfo|x64.ActiveCfg = RelWithDebInfo|x64
		{B4A02388-608B-3991-88A7-BEE2740BFDE9}.RelWithDebInfo|x64.Build.0 = RelWithDebInfo|x64
		{A2969AE2-2CC6-37A8-9537-014C4891AD78}.Debug|x64.ActiveCfg = Debug|x64
		{A2969AE2-2CC6-37A8-9537-014C4891AD78}.Debug|x64.Build.0 = Debug|x64
		{A2969AE2-2CC6-37A8-9537-014C4891AD78}.Release|x64.ActiveCfg = Release|x64
		{A2969AE2-2CC6-37A8-9537-014C4891AD78}.Release|x64.Build.0 = Release|x64
		{A2969AE2-2CC6-37A8-9537-014C4891AD78}.MinSizeRel|x64.ActiveCfg = MinSizeRel|x64
		{A2969AE2-2CC6-37A8-9537-014C4891AD78}.MinSizeRel|x64.Build.0 = MinSizeRel|x64
		{A2969AE2-2CC6-37A8-9537-014C4891AD78}.RelWithDebInfo|x64.ActiveCfg = RelWithDebInfo|x64
		{A2969AE2-2CC6-37A8-9537-014C4891AD78}.RelWithDebInfo|x64.Build.0 = RelWithDebInfo|x64
	EndGlobalSection
	GlobalSection(NestedProjects) = preSolution
		{D857D2A4-27B8-340C-81FC-8AC2C4B854D9} = {04B6224D-6897-33B4-99D4-397AFA781F87}
		{9DC9622B-9913-3D9B-B9BB-D59EEF5A3A4A} = {04B6224D-6897-33B4-99D4-397AFA781F87}
		{5E39DA1D-30BC-3545-8D45-275153F0DBAB} = {04B6224D-6897-33B4-99D4-397AFA781F87}
		{17D110CE-979B-3E83-983C-C26E51538107} = {13384DFA-3C21-33D7-A428-46D146BD27DC}
		{6A0A40B4-1C93-3ADC-8B45-6849072B0542} = {13384DFA-3C21-33D7-A428-46D146BD27DC}
		{89330A73-1ABA-3B6D-BC4A-BFE183ECD509} = {47C67A5F-8769-3346-8B5A-DA49BEDAD6B1}
		{867D10DC-262E-36C3-BD47-E33A61541064} = {A701468B-EFCC-3118-8C67-6B872C57457E}
		{457F00D1-6319-32ED-B8ED-E1160815C3A8} = {A701468B-EFCC-3118-8C67-6B872C57457E}
		{6EF661A9-7C42-3963-B28F-1E8C5284C511} = {A701468B-EFCC-3118-8C67-6B872C57457E}
		{ECA3AA5B-7B8E-3F9F-9D79-6330CC25ECE1} = {A701468B-EFCC-3118-8C67-6B872C57457E}
		{91EE36CA-4B0B-3063-92EE-70AD4B8FEB7C} = {A701468B-EFCC-3118-8C67-6B872C57457E}
		{B9269782-CCE7-3960-A5C6-F88F70122D3E} = {71CE4B5A-4AA9-3A0C-92CE-83BE3290C1A1}
		{1B5AFC56-B208-3FAC-8DB1-CFE801960466} = {71CE4B5A-4AA9-3A0C-92CE-83BE3290C1A1}
		{8F7E8766-B8C1-3841-BC96-EDCDFA306EA8} = {71CE4B5A-4AA9-3A0C-92CE-83BE3290C1A1}
		{66C907F0-2D6D-366B-867C-91B08B0FF510} = {71CE4B5A-4AA9-3A0C-92CE-83BE3290C1A1}
		{05815572-973F-33C3-B493-7CC50A69283A} = {71CE4B5A-4AA9-3A0C-92CE-83BE3290C1A1}
		{F2EA7134-09DD-3431-B473-CC7927AA04B9} = {71CE4B5A-4AA9-3A0C-92CE-83BE3290C1A1}
		{B4A02388-608B-3991-88A7-BEE2740BFDE9} = {71CE4B5A-4AA9-3A0C-92CE-83BE3290C1A1}
		{E85667A8-800D-3CD2-B3B3-2CCAC3F71064} = {D0F0D6A0-B3A9-3F0F-A89A-45CCE8B339FF}
		{29C0BF1D-195D-3F78-A49E-0AC5F28DE045} = {D0F0D6A0-B3A9-3F0F-A89A-45CCE8B339FF}
		{0F6CAB67-99F7-33ED-A036-A4DB704216CE} = {3852413E-D76D-342B-9476-015594C42621}
		{A2969AE2-2CC6-37A8-9537-014C4891AD78} = {3852413E-D76D-342B-9476-015594C42621}
	EndGlobalSection
	GlobalSection(ExtensibilityGlobals) = postSolution
		SolutionGuid = {C1791AB2-45FA-3C17-8DE1-E725842784A4}
	EndGlobalSection
	GlobalSection(ExtensibilityAddIns) = postSolution
	EndGlobalSection
EndGlobal
